{
	"name": "2-05-js-node-command-line-tool",
	"version": "1.0.0",
	"lockfileVersion": 2,
	"requires": true,
	"packages": {
		"": {
			"name": "2-05-js-node-command-line-tool",
			"version": "1.0.0",
			"license": "ISC",
			"dependencies": {
				"chalk": "^5.1.0"
			},
			"bin": {
				"nls": "index.js"
			}
		},
		"node_modules/chalk": {
			"version": "5.1.0",
			"resolved": "https://registry.npmjs.org/chalk/-/chalk-5.1.0.tgz",
			"integrity": "sha512-56zD4khRTBoIyzUYAFgDDaPhUMN/fC/rySe6aZGqbj/VWiU2eI3l6ZLOtYGFZAV5v02mwPjtpzlrOveJiz5eZQ==",
			"engines": {
				"node": "^12.17.0 || ^14.13 || >=16.0.0"
			},
			"funding": {
				"url": "https://github.com/chalk/chalk?sponsor=1"
			}
		}
	},
	"dependencies": {
		"chalk": {
			"version": "5.1.0",
			"resolved": "https://registry.npmjs.org/chalk/-/chalk-5.1.0.tgz",
			"integrity": "sha512-56zD4khRTBoIyzUYAFgDDaPhUMN/fC/rySe6aZGqbj/VWiU2eI3l6ZLOtYGFZAV5v02mwPjtpzlrOveJiz5eZQ=="
		}
	}
}
